PODS:
  - PromiseKit (6.7.0):
    - PromiseKit/CorePromise (= 6.7.0)
    - PromiseKit/Foundation (= 6.7.0)
    - PromiseKit/UIKit (= 6.7.0)
  - PromiseKit/CorePromise (6.7.0)
  - PromiseKit/Foundation (6.7.0):
    - PromiseKit/CorePromise
  - PromiseKit/UIKit (6.7.0):
    - PromiseKit/CorePromise
  - ScrollableDatepicker (2.2.0)

DEPENDENCIES:
  - PromiseKit (~> 6.0)
  - ScrollableDatepicker (~> 2.2)

SPEC REPOS:
  https://github.com/cocoapods/specs.git:
    - PromiseKit
    - ScrollableDatepicker

SPEC CHECKSUMS:
  PromiseKit: 453ddcc947fe7b302f3ef41882b81d31c554df7f
  ScrollableDatepicker: 0f14e38bcd3517e6632220af11e47d29e0f982db

PODFILE CHECKSUM: 15223415277956b6345d69d7b886d79cdbd4b925

COCOAPODS: 1.5.3
